// !$*UTF8*$!
{
	archiveVersion = 1;
	classes = {
	};
	objectVersion = 46;
	objects = {

/* Begin PBXBuildFile section */
		2EFE14721CA2938D0028BB08 /* AppDelegate.swift in Sources */ = {isa = PBXBuildFile; fileRef = 2EFE14711CA2938D0028BB08 /* AppDelegate.swift */; };
		2EFE14741CA2938D0028BB08 /* MasterViewController.swift in Sources */ = {isa = PBXBuildFile; fileRef = 2EFE14731CA2938D0028BB08 /* MasterViewController.swift */; };
		2EFE14761CA2938D0028BB08 /* DetailViewController.swift in Sources */ = {isa = PBXBuildFile; fileRef = 2EFE14751CA2938D0028BB08 /* DetailViewController.swift */; };
		2EFE14791CA2938E0028BB08 /* Main.storyboard in Resources */ = {isa = PBXBuildFile; fileRef = 2EFE14771CA2938E0028BB08 /* Main.storyboard */; };
		2EFE147B1CA2938E0028BB08 /* Assets.xcassets in Resources */ = {isa = PBXBuildFile; fileRef = 2EFE147A1CA2938E0028BB08 /* Assets.xcassets */; };
		2EFE147E1CA2938E0028BB08 /* LaunchScreen.storyboard in Resources */ = {isa = PBXBuildFile; fileRef = 2EFE147C1CA2938E0028BB08 /* LaunchScreen.storyboard */; };
		2EFE14891CA2938E0028BB08 /* GitHubSearchTests.swift in Sources */ = {isa = PBXBuildFile; fileRef = 2EFE14881CA2938E0028BB08 /* GitHubSearchTests.swift */; };
		2EFE14941CA2938E0028BB08 /* GitHubSearchUITests.swift in Sources */ = {isa = PBXBuildFile; fileRef = 2EFE14931CA2938E0028BB08 /* GitHubSearchUITests.swift */; };
		6092F23991A973A44CB573A5 /* Pods_GitHubSearchUITests.framework in Frameworks */ = {isa = PBXBuildFile; fileRef = 8D4FB3AFDA1BA78858370B27 /* Pods_GitHubSearchUITests.framework */; };
		7AAC53E8B59E34092EB7EC0D /* Pods_GitHubSearch.framework in Frameworks */ = {isa = PBXBuildFile; fileRef = BDD48E05226098535C41EE12 /* Pods_GitHubSearch.framework */; };
		B1D551962621805DF6CF8392 /* Pods_GitHubSearchTests.framework in Frameworks */ = {isa = PBXBuildFile; fileRef = 20D3F42AD599A0B98C0E25A3 /* Pods_GitHubSearchTests.framework */; };
/* End PBXBuildFile section */

/* Begin PBXContainerItemProxy section */
		2EFE14851CA2938E0028BB08 /* PBXContainerItemProxy */ = {
			isa = PBXContainerItemProxy;
			containerPortal = 2EFE14661CA2938D0028BB08 /* Project object */;
			proxyType = 1;
			remoteGlobalIDString = 2EFE146D1CA2938D0028BB08;
			remoteInfo = GitHubSearch;
		};
		2EFE14901CA2938E0028BB08 /* PBXContainerItemProxy */ = {
			isa = PBXContainerItemProxy;
			containerPortal = 2EFE14661CA2938D0028BB08 /* Project object */;
			proxyType = 1;
			remoteGlobalIDString = 2EFE146D1CA2938D0028BB08;
			remoteInfo = GitHubSearch;
		};
/* End PBXContainerItemProxy section */

/* Begin PBXFileReference section */
		20D3F42AD599A0B98C0E25A3 /* Pods_GitHubSearchTests.framework */ = {isa = PBXFileReference; explicitFileType = wrapper.framework; includeInIndex = 0; path = Pods_GitHubSearchTests.framework; sourceTree = BUILT_PRODUCTS_DIR; };
		2EFE146E1CA2938D0028BB08 /* GitHubSearch.app */ = {isa = PBXFileReference; explicitFileType = wrapper.application; includeInIndex = 0; path = GitHubSearch.app; sourceTree = BUILT_PRODUCTS_DIR; };
		2EFE14711CA2938D0028BB08 /* AppDelegate.swift */ = {isa = PBXFileReference; lastKnownFileType = sourcecode.swift; path = AppDelegate.swift; sourceTree = "<group>"; };
		2EFE14731CA2938D0028BB08 /* MasterViewController.swift */ = {isa = PBXFileReference; lastKnownFileType = sourcecode.swift; path = MasterViewController.swift; sourceTree = "<group>"; };
		2EFE14751CA2938D0028BB08 /* DetailViewController.swift */ = {isa = PBXFileReference; lastKnownFileType = sourcecode.swift; path = DetailViewController.swift; sourceTree = "<group>"; };
		2EFE14781CA2938E0028BB08 /* Base */ = {isa = PBXFileReference; lastKnownFileType = file.storyboard; name = Base; path = Base.lproj/Main.storyboard; sourceTree = "<group>"; };
		2EFE147A1CA2938E0028BB08 /* Assets.xcassets */ = {isa = PBXFileReference; lastKnownFileType = folder.assetcatalog; path = Assets.xcassets; sourceTree = "<group>"; };
		2EFE147D1CA2938E0028BB08 /* Base */ = {isa = PBXFileReference; lastKnownFileType = file.storyboard; name = Base; path = Base.lproj/LaunchScreen.storyboard; sourceTree = "<group>"; };
		2EFE147F1CA2938E0028BB08 /* Info.plist */ = {isa = PBXFileReference; lastKnownFileType = text.plist.xml; path = Info.plist; sourceTree = "<group>"; };
		2EFE14841CA2938E0028BB08 /* GitHubSearchTests.xctest */ = {isa = PBXFileReference; explicitFileType = wrapper.cfbundle; includeInIndex = 0; path = GitHubSearchTests.xctest; sourceTree = BUILT_PRODUCTS_DIR; };
		2EFE14881CA2938E0028BB08 /* GitHubSearchTests.swift */ = {isa = PBXFileReference; lastKnownFileType = sourcecode.swift; path = GitHubSearchTests.swift; sourceTree = "<group>"; };
		2EFE148A1CA2938E0028BB08 /* Info.plist */ = {isa = PBXFileReference; lastKnownFileType = text.plist.xml; path = Info.plist; sourceTree = "<group>"; };
		2EFE148F1CA2938E0028BB08 /* GitHubSearchUITests.xctest */ = {isa = PBXFileReference; explicitFileType = wrapper.cfbundle; includeInIndex = 0; path = GitHubSearchUITests.xctest; sourceTree = BUILT_PRODUCTS_DIR; };
		2EFE14931CA2938E0028BB08 /* GitHubSearchUITests.swift */ = {isa = PBXFileReference; lastKnownFileType = sourcecode.swift; path = GitHubSearchUITests.swift; sourceTree = "<group>"; };
		2EFE14951CA2938E0028BB08 /* Info.plist */ = {isa = PBXFileReference; lastKnownFileType = text.plist.xml; path = Info.plist; sourceTree = "<group>"; };
		5640B2B09D9E496A47AD66AA /* Pods-GitHubSearch.release.xcconfig */ = {isa = PBXFileReference; includeInIndex = 1; lastKnownFileType = text.xcconfig; name = "Pods-GitHubSearch.release.xcconfig"; path = "Pods/Target Support Files/Pods-GitHubSearch/Pods-GitHubSearch.release.xcconfig"; sourceTree = "<group>"; };
		67F9EDA46B3E3B1A376718FD /* Pods-GitHubSearchUITests.release.xcconfig */ = {isa = PBXFileReference; includeInIndex = 1; lastKnownFileType = text.xcconfig; name = "Pods-GitHubSearchUITests.release.xcconfig"; path = "Pods/Target Support Files/Pods-GitHubSearchUITests/Pods-GitHubSearchUITests.release.xcconfig"; sourceTree = "<group>"; };
		8D4FB3AFDA1BA78858370B27 /* Pods_GitHubSearchUITests.framework */ = {isa = PBXFileReference; explicitFileType = wrapper.framework; includeInIndex = 0; path = Pods_GitHubSearchUITests.framework; sourceTree = BUILT_PRODUCTS_DIR; };
		AE68611EC2EC0E761A966BE2 /* Pods-GitHubSearchTests.release.xcconfig */ = {isa = PBXFileReference; includeInIndex = 1; lastKnownFileType = text.xcconfig; name = "Pods-GitHubSearchTests.release.xcconfig"; path = "Pods/Target Support Files/Pods-GitHubSearchTests/Pods-GitHubSearchTests.release.xcconfig"; sourceTree = "<group>"; };
		BDD48E05226098535C41EE12 /* Pods_GitHubSearch.framework */ = {isa = PBXFileReference; explicitFileType = wrapper.framework; includeInIndex = 0; path = Pods_GitHubSearch.framework; sourceTree = BUILT_PRODUCTS_DIR; };
		BE9600CA2539F59F974AC7E2 /* Pods-GitHubSearch.debug.xcconfig */ = {isa = PBXFileReference; includeInIndex = 1; lastKnownFileType = text.xcconfig; name = "Pods-GitHubSearch.debug.xcconfig"; path = "Pods/Target Support Files/Pods-GitHubSearch/Pods-GitHubSearch.debug.xcconfig"; sourceTree = "<group>"; };
		E35419F6DB30B43006491F85 /* Pods-GitHubSearchTests.debug.xcconfig */ = {isa = PBXFileReference; includeInIndex = 1; lastKnownFileType = text.xcconfig; name = "Pods-GitHubSearchTests.debug.xcconfig"; path = "Pods/Target Support Files/Pods-GitHubSearchTests/Pods-GitHubSearchTests.debug.xcconfig"; sourceTree = "<group>"; };
		FF12FB0491A78DE4ED61880B /* Pods-GitHubSearchUITests.debug.xcconfig */ = {isa = PBXFileReference; includeInIndex = 1; lastKnownFileType = text.xcconfig; name = "Pods-GitHubSearchUITests.debug.xcconfig"; path = "Pods/Target Support Files/Pods-GitHubSearchUITests/Pods-GitHubSearchUITests.debug.xcconfig"; sourceTree = "<group>"; };
/* End PBXFileReference section */

/* Begin PBXFrameworksBuildPhase section */
		2EFE146B1CA2938D0028BB08 /* Frameworks */ = {
			isa = PBXFrameworksBuildPhase;
			buildActionMask = 2147483647;
			files = (
				7AAC53E8B59E34092EB7EC0D /* Pods_GitHubSearch.framework in Frameworks */,
			);
			runOnlyForDeploymentPostprocessing = 0;
		};
		2EFE14811CA2938E0028BB08 /* Frameworks */ = {
			isa = PBXFrameworksBuildPhase;
			buildActionMask = 2147483647;
			files = (
				B1D551962621805DF6CF8392 /* Pods_GitHubSearchTests.framework in Frameworks */,
			);
			runOnlyForDeploymentPostprocessing = 0;
		};
		2EFE148C1CA2938E0028BB08 /* Frameworks */ = {
			isa = PBXFrameworksBuildPhase;
			buildActionMask = 2147483647;
			files = (
				6092F23991A973A44CB573A5 /* Pods_GitHubSearchUITests.framework in Frameworks */,
			);
			runOnlyForDeploymentPostprocessing = 0;
		};
/* End PBXFrameworksBuildPhase section */

/* Begin PBXGroup section */
		2EFE14651CA2938D0028BB08 = {
			isa = PBXGroup;
			children = (
				2EFE14701CA2938D0028BB08 /* GitHubSearch */,
				2EFE14871CA2938E0028BB08 /* GitHubSearchTests */,
				2EFE14921CA2938E0028BB08 /* GitHubSearchUITests */,
				2EFE146F1CA2938D0028BB08 /* Products */,
				37138E9AC96A4448630ABCEE /* Pods */,
				31CDAEE32C23246444F4EDC2 /* Frameworks */,
			);
			sourceTree = "<group>";
		};
		2EFE146F1CA2938D0028BB08 /* Products */ = {
			isa = PBXGroup;
			children = (
				2EFE146E1CA2938D0028BB08 /* GitHubSearch.app */,
				2EFE14841CA2938E0028BB08 /* GitHubSearchTests.xctest */,
				2EFE148F1CA2938E0028BB08 /* GitHubSearchUITests.xctest */,
			);
			name = Products;
			sourceTree = "<group>";
		};
		2EFE14701CA2938D0028BB08 /* GitHubSearch */ = {
			isa = PBXGroup;
			children = (
				2EFE14711CA2938D0028BB08 /* AppDelegate.swift */,
				2EFE14731CA2938D0028BB08 /* MasterViewController.swift */,
				2EFE14751CA2938D0028BB08 /* DetailViewController.swift */,
				2EFE14771CA2938E0028BB08 /* Main.storyboard */,
				2EFE147A1CA2938E0028BB08 /* Assets.xcassets */,
				2EFE147C1CA2938E0028BB08 /* LaunchScreen.storyboard */,
				2EFE147F1CA2938E0028BB08 /* Info.plist */,
			);
			path = GitHubSearch;
			sourceTree = "<group>";
		};
		2EFE14871CA2938E0028BB08 /* GitHubSearchTests */ = {
			isa = PBXGroup;
			children = (
				2EFE14881CA2938E0028BB08 /* GitHubSearchTests.swift */,
				2EFE148A1CA2938E0028BB08 /* Info.plist */,
			);
			path = GitHubSearchTests;
			sourceTree = "<group>";
		};
		2EFE14921CA2938E0028BB08 /* GitHubSearchUITests */ = {
			isa = PBXGroup;
			children = (
				2EFE14931CA2938E0028BB08 /* GitHubSearchUITests.swift */,
				2EFE14951CA2938E0028BB08 /* Info.plist */,
			);
			path = GitHubSearchUITests;
			sourceTree = "<group>";
		};
		31CDAEE32C23246444F4EDC2 /* Frameworks */ = {
			isa = PBXGroup;
			children = (
				BDD48E05226098535C41EE12 /* Pods_GitHubSearch.framework */,
				20D3F42AD599A0B98C0E25A3 /* Pods_GitHubSearchTests.framework */,
				8D4FB3AFDA1BA78858370B27 /* Pods_GitHubSearchUITests.framework */,
			);
			name = Frameworks;
			sourceTree = "<group>";
		};
		37138E9AC96A4448630ABCEE /* Pods */ = {
			isa = PBXGroup;
			children = (
				BE9600CA2539F59F974AC7E2 /* Pods-GitHubSearch.debug.xcconfig */,
				5640B2B09D9E496A47AD66AA /* Pods-GitHubSearch.release.xcconfig */,
				E35419F6DB30B43006491F85 /* Pods-GitHubSearchTests.debug.xcconfig */,
				AE68611EC2EC0E761A966BE2 /* Pods-GitHubSearchTests.release.xcconfig */,
				FF12FB0491A78DE4ED61880B /* Pods-GitHubSearchUITests.debug.xcconfig */,
				67F9EDA46B3E3B1A376718FD /* Pods-GitHubSearchUITests.release.xcconfig */,
			);
			name = Pods;
			sourceTree = "<group>";
		};
/* End PBXGroup section */

/* Begin PBXNativeTarget section */
		2EFE146D1CA2938D0028BB08 /* GitHubSearch */ = {
			isa = PBXNativeTarget;
			buildConfigurationList = 2EFE14981CA2938E0028BB08 /* Build configuration list for PBXNativeTarget "GitHubSearch" */;
			buildPhases = (
				D1417CAD2288A1B8AE3FE9B5 /* 📦 Check Pods Manifest.lock */,
				2EFE146A1CA2938D0028BB08 /* Sources */,
				2EFE146B1CA2938D0028BB08 /* Frameworks */,
				2EFE146C1CA2938D0028BB08 /* Resources */,
				854FDEE404DBCC429DF62815 /* 📦 Embed Pods Frameworks */,
				63415333265F3B1DAE7F51FA /* 📦 Copy Pods Resources */,
			);
			buildRules = (
			);
			dependencies = (
			);
			name = GitHubSearch;
			productName = GitHubSearch;
			productReference = 2EFE146E1CA2938D0028BB08 /* GitHubSearch.app */;
			productType = "com.apple.product-type.application";
		};
		2EFE14831CA2938E0028BB08 /* GitHubSearchTests */ = {
			isa = PBXNativeTarget;
			buildConfigurationList = 2EFE149B1CA2938E0028BB08 /* Build configuration list for PBXNativeTarget "GitHubSearchTests" */;
			buildPhases = (
				7530EEB25F10CEA64FEAD12F /* 📦 Check Pods Manifest.lock */,
				2EFE14801CA2938E0028BB08 /* Sources */,
				2EFE14811CA2938E0028BB08 /* Frameworks */,
				2EFE14821CA2938E0028BB08 /* Resources */,
				41AC7D5BAC078BFEFFC7016F /* 📦 Embed Pods Frameworks */,
				BC0189A04D226590B0BBDC3D /* 📦 Copy Pods Resources */,
			);
			buildRules = (
			);
			dependencies = (
				2EFE14861CA2938E0028BB08 /* PBXTargetDependency */,
			);
			name = GitHubSearchTests;
			productName = GitHubSearchTests;
			productReference = 2EFE14841CA2938E0028BB08 /* GitHubSearchTests.xctest */;
			productType = "com.apple.product-type.bundle.unit-test";
		};
		2EFE148E1CA2938E0028BB08 /* GitHubSearchUITests */ = {
			isa = PBXNativeTarget;
			buildConfigurationList = 2EFE149E1CA2938E0028BB08 /* Build configuration list for PBXNativeTarget "GitHubSearchUITests" */;
			buildPhases = (
				C56FB1F7FB5C343D6070DB4F /* 📦 Check Pods Manifest.lock */,
				2EFE148B1CA2938E0028BB08 /* Sources */,
				2EFE148C1CA2938E0028BB08 /* Frameworks */,
				2EFE148D1CA2938E0028BB08 /* Resources */,
				48F827BF41D609BCFB074786 /* 📦 Copy Pods Resources */,
			);
			buildRules = (
			);
			dependencies = (
				2EFE14911CA2938E0028BB08 /* PBXTargetDependency */,
			);
			name = GitHubSearchUITests;
			productName = GitHubSearchUITests;
			productReference = 2EFE148F1CA2938E0028BB08 /* GitHubSearchUITests.xctest */;
			productType = "com.apple.product-type.bundle.ui-testing";
		};
/* End PBXNativeTarget section */

/* Begin PBXProject section */
		2EFE14661CA2938D0028BB08 /* Project object */ = {
			isa = PBXProject;
			attributes = {
				LastSwiftUpdateCheck = 0720;
				LastUpgradeCheck = 0720;
				ORGANIZATIONNAME = raimon;
				TargetAttributes = {
					2EFE146D1CA2938D0028BB08 = {
						CreatedOnToolsVersion = 7.2.1;
					};
					2EFE14831CA2938E0028BB08 = {
						CreatedOnToolsVersion = 7.2.1;
						TestTargetID = 2EFE146D1CA2938D0028BB08;
					};
					2EFE148E1CA2938E0028BB08 = {
						CreatedOnToolsVersion = 7.2.1;
						TestTargetID = 2EFE146D1CA2938D0028BB08;
					};
				};
			};
			buildConfigurationList = 2EFE14691CA2938D0028BB08 /* Build configuration list for PBXProject "GitHubSearch" */;
			compatibilityVersion = "Xcode 3.2";
			developmentRegion = English;
			hasScannedForEncodings = 0;
			knownRegions = (
				en,
				Base,
			);
			mainGroup = 2EFE14651CA2938D0028BB08;
			productRefGroup = 2EFE146F1CA2938D0028BB08 /* Products */;
			projectDirPath = "";
			projectRoot = "";
			targets = (
				2EFE146D1CA2938D0028BB08 /* GitHubSearch */,
				2EFE14831CA2938E0028BB08 /* GitHubSearchTests */,
				2EFE148E1CA2938E0028BB08 /* GitHubSearchUITests */,
			);
		};
/* End PBXProject section */

/* Begin PBXResourcesBuildPhase section */
		2EFE146C1CA2938D0028BB08 /* Resources */ = {
			isa = PBXResourcesBuildPhase;
			buildActionMask = 2147483647;
			files = (
				2EFE147E1CA2938E0028BB08 /* LaunchScreen.storyboard in Resources */,
				2EFE147B1CA2938E0028BB08 /* Assets.xcassets in Resources */,
				2EFE14791CA2938E0028BB08 /* Main.storyboard in Resources */,
			);
			runOnlyForDeploymentPostprocessing = 0;
		};
		2EFE14821CA2938E0028BB08 /* Resources */ = {
			isa = PBXResourcesBuildPhase;
			buildActionMask = 2147483647;
			files = (
			);
			runOnlyForDeploymentPostprocessing = 0;
		};
		2EFE148D1CA2938E0028BB08 /* Resources */ = {
			isa = PBXResourcesBuildPhase;
			buildActionMask = 2147483647;
			files = (
			);
			runOnlyForDeploymentPostprocessing = 0;
		};
/* End PBXResourcesBuildPhase section */

/* Begin PBXShellScriptBuildPhase section */
		41AC7D5BAC078BFEFFC7016F /* 📦 Embed Pods Frameworks */ = {
			isa = PBXShellScriptBuildPhase;
			buildActionMask = 2147483647;
			files = (
			);
			inputPaths = (
			);
			name = "📦 Embed Pods Frameworks";
			outputPaths = (
			);
			runOnlyForDeploymentPostprocessing = 0;
			shellPath = /bin/sh;
			shellScript = "\"${SRCROOT}/Pods/Target Support Files/Pods-GitHubSearchTests/Pods-GitHubSearchTests-frameworks.sh\"\n";
			showEnvVarsInLog = 0;
		};
		48F827BF41D609BCFB074786 /* 📦 Copy Pods Resources */ = {
			isa = PBXShellScriptBuildPhase;
			buildActionMask = 2147483647;
			files = (
			);
			inputPaths = (
			);
			name = "📦 Copy Pods Resources";
			outputPaths = (
			);
			runOnlyForDeploymentPostprocessing = 0;
			shellPath = /bin/sh;
			shellScript = "\"${SRCROOT}/Pods/Target Support Files/Pods-GitHubSearchUITests/Pods-GitHubSearchUITests-resources.sh\"\n";
			showEnvVarsInLog = 0;
		};
		63415333265F3B1DAE7F51FA /* 📦 Copy Pods Resources */ = {
			isa = PBXShellScriptBuildPhase;
			buildActionMask = 2147483647;
			files = (
			);
			inputPaths = (
			);
			name = "📦 Copy Pods Resources";
			outputPaths = (
			);
			runOnlyForDeploymentPostprocessing = 0;
			shellPath = /bin/sh;
			shellScript = "\"${SRCROOT}/Pods/Target Support Files/Pods-GitHubSearch/Pods-GitHubSearch-resources.sh\"\n";
			showEnvVarsInLog = 0;
		};
		7530EEB25F10CEA64FEAD12F /* 📦 Check Pods Manifest.lock */ = {
			isa = PBXShellScriptBuildPhase;
			buildActionMask = 2147483647;
			files = (
			);
			inputPaths = (
			);
			name = "📦 Check Pods Manifest.lock";
			outputPaths = (
			);
			runOnlyForDeploymentPostprocessing = 0;
			shellPath = /bin/sh;
			shellScript = "diff \"${PODS_ROOT}/../Podfile.lock\" \"${PODS_ROOT}/Manifest.lock\" > /dev/null\nif [[ $? != 0 ]] ; then\n    cat << EOM\nerror: The sandbox is not in sync with the Podfile.lock. Run 'pod install' or update your CocoaPods installation.\nEOM\n    exit 1\nfi\n";
			showEnvVarsInLog = 0;
		};
		854FDEE404DBCC429DF62815 /* 📦 Embed Pods Frameworks */ = {
			isa = PBXShellScriptBuildPhase;
			buildActionMask = 2147483647;
			files = (
			);
			inputPaths = (
			);
			name = "📦 Embed Pods Frameworks";
			outputPaths = (
			);
			runOnlyForDeploymentPostprocessing = 0;
			shellPath = /bin/sh;
			shellScript = "\"${SRCROOT}/Pods/Target Support Files/Pods-GitHubSearch/Pods-GitHubSearch-frameworks.sh\"\n";
			showEnvVarsInLog = 0;
		};
		BC0189A04D226590B0BBDC3D /* 📦 Copy Pods Resources */ = {
			isa = PBXShellScriptBuildPhase;
			buildActionMask = 2147483647;
			files = (
			);
			inputPaths = (
			);
			name = "📦 Copy Pods Resources";
			outputPaths = (
			);
			runOnlyForDeploymentPostprocessing = 0;
			shellPath = /bin/sh;
			shellScript = "\"${SRCROOT}/Pods/Target Support Files/Pods-GitHubSearchTests/Pods-GitHubSearchTests-resources.sh\"\n";
			showEnvVarsInLog = 0;
		};
		C56FB1F7FB5C343D6070DB4F /* 📦 Check Pods Manifest.lock */ = {
			isa = PBXShellScriptBuildPhase;
			buildActionMask = 2147483647;
			files = (
			);
			inputPaths = (
			);
			name = "📦 Check Pods Manifest.lock";
			outputPaths = (
			);
			runOnlyForDeploymentPostprocessing = 0;
			shellPath = /bin/sh;
			shellScript = "diff \"${PODS_ROOT}/../Podfile.lock\" \"${PODS_ROOT}/Manifest.lock\" > /dev/null\nif [[ $? != 0 ]] ; then\n    cat << EOM\nerror: The sandbox is not in sync with the Podfile.lock. Run 'pod install' or update your CocoaPods installation.\nEOM\n    exit 1\nfi\n";
			showEnvVarsInLog = 0;
		};
		D1417CAD2288A1B8AE3FE9B5 /* 📦 Check Pods Manifest.lock */ = {
			isa = PBXShellScriptBuildPhase;
			buildActionMask = 2147483647;
			files = (
			);
			inputPaths = (
			);
			name = "📦 Check Pods Manifest.lock";
			outputPaths = (
			);
			runOnlyForDeploymentPostprocessing = 0;
			shellPath = /bin/sh;
			shellScript = "diff \"${PODS_ROOT}/../Podfile.lock\" \"${PODS_ROOT}/Manifest.lock\" > /dev/null\nif [[ $? != 0 ]] ; then\n    cat << EOM\nerror: The sandbox is not in sync with the Podfile.lock. Run 'pod install' or update your CocoaPods installation.\nEOM\n    exit 1\nfi\n";
			showEnvVarsInLog = 0;
		};
/* End PBXShellScriptBuildPhase section */

/* Begin PBXSourcesBuildPhase section */
		2EFE146A1CA2938D0028BB08 /* Sources */ = {
			isa = PBXSourcesBuildPhase;
			buildActionMask = 2147483647;
			files = (
				2EFE14761CA2938D0028BB08 /* DetailViewController.swift in Sources */,
				2EFE14741CA2938D0028BB08 /* MasterViewController.swift in Sources */,
				2EFE14721CA2938D0028BB08 /* AppDelegate.swift in Sources */,
			);
			runOnlyForDeploymentPostprocessing = 0;
		};
		2EFE14801CA2938E0028BB08 /* Sources */ = {
			isa = PBXSourcesBuildPhase;
			buildActionMask = 2147483647;
			files = (
				2EFE14891CA2938E0028BB08 /* GitHubSearchTests.swift in Sources */,
			);
			runOnlyForDeploymentPostprocessing = 0;
		};
		2EFE148B1CA2938E0028BB08 /* Sources */ = {
			isa = PBXSourcesBuildPhase;
			buildActionMask = 2147483647;
			files = (
				2EFE14941CA2938E0028BB08 /* GitHubSearchUITests.swift in Sources */,
			);
			runOnlyForDeploymentPostprocessing = 0;
		};
/* End PBXSourcesBuildPhase section */

/* Begin PBXTargetDependency section */
		2EFE14861CA2938E0028BB08 /* PBXTargetDependency */ = {
			isa = PBXTargetDependency;
			target = 2EFE146D1CA2938D0028BB08 /* GitHubSearch */;
			targetProxy = 2EFE14851CA2938E0028BB08 /* PBXContainerItemProxy */;
		};
		2EFE14911CA2938E0028BB08 /* PBXTargetDependency */ = {
			isa = PBXTargetDependency;
			target = 2EFE146D1CA2938D0028BB08 /* GitHubSearch */;
			targetProxy = 2EFE14901CA2938E0028BB08 /* PBXContainerItemProxy */;
		};
/* End PBXTargetDependency section */

/* Begin PBXVariantGroup section */
		2EFE14771CA2938E0028BB08 /* Main.storyboard */ = {
			isa = PBXVariantGroup;
			children = (
				2EFE14781CA2938E0028BB08 /* Base */,
			);
			name = Main.storyboard;
			sourceTree = "<group>";
		};
		2EFE147C1CA2938E0028BB08 /* LaunchScreen.storyboard */ = {
			isa = PBXVariantGroup;
			children = (
				2EFE147D1CA2938E0028BB08 /* Base */,
			);
			name = LaunchScreen.storyboard;
			sourceTree = "<group>";
		};
/* End PBXVariantGroup section */

/* Begin XCBuildConfiguration section */
		2EFE14961CA2938E0028BB08 /* Debug */ = {
			isa = XCBuildConfiguration;
			buildSettings = {
				ALWAYS_SEARCH_USER_PATHS = NO;
				CLANG_CXX_LANGUAGE_STANDARD = "gnu++0x";
				CLANG_CXX_LIBRARY = "libc++";
				CLANG_ENABLE_MODULES = YES;
				CLANG_ENABLE_OBJC_ARC = YES;
				CLANG_WARN_BOOL_CONVERSION = YES;
				CLANG_WARN_CONSTANT_CONVERSION = YES;
				CLANG_WARN_DIRECT_OBJC_ISA_USAGE = YES_ERROR;
				CLANG_WARN_EMPTY_BODY = YES;
				CLANG_WARN_ENUM_CONVERSION = YES;
				CLANG_WARN_INT_CONVERSION = YES;
				CLANG_WARN_OBJC_ROOT_CLASS = YES_ERROR;
				CLANG_WARN_UNREACHABLE_CODE = YES;
				CLANG_WARN__DUPLICATE_METHOD_MATCH = YES;
				"CODE_SIGN_IDENTITY[sdk=iphoneos*]" = "iPhone Developer";
				COPY_PHASE_STRIP = NO;
				DEBUG_INFORMATION_FORMAT = dwarf;
				ENABLE_STRICT_OBJC_MSGSEND = YES;
				ENABLE_TESTABILITY = YES;
				GCC_C_LANGUAGE_STANDARD = gnu99;
				GCC_DYNAMIC_NO_PIC = NO;
				GCC_NO_COMMON_BLOCKS = YES;
				GCC_OPTIMIZATION_LEVEL = 0;
				GCC_PREPROCESSOR_DEFINITIONS = (
					"DEBUG=1",
					"$(inherited)",
				);
				GCC_WARN_64_TO_32_BIT_CONVERSION = YES;
				GCC_WARN_ABOUT_RETURN_TYPE = YES_ERROR;
				GCC_WARN_UNDECLARED_SELECTOR = YES;
				GCC_WARN_UNINITIALIZED_AUTOS = YES_AGGRESSIVE;
				GCC_WARN_UNUSED_FUNCTION = YES;
				GCC_WARN_UNUSED_VARIABLE = YES;
				IPHONEOS_DEPLOYMENT_TARGET = 9.2;
				MTL_ENABLE_DEBUG_INFO = YES;
				ONLY_ACTIVE_ARCH = YES;
				SDKROOT = iphoneos;
				SWIFT_OPTIMIZATION_LEVEL = "-Onone";
				TARGETED_DEVICE_FAMILY = "1,2";
			};
			name = Debug;
		};
		2EFE14971CA2938E0028BB08 /* Release */ = {
			isa = XCBuildConfiguration;
			buildSettings = {
				ALWAYS_SEARCH_USER_PATHS = NO;
				CLANG_CXX_LANGUAGE_STANDARD = "gnu++0x";
				CLANG_CXX_LIBRARY = "libc++";
				CLANG_ENABLE_MODULES = YES;
				CLANG_ENABLE_OBJC_ARC = YES;
				CLANG_WARN_BOOL_CONVERSION = YES;
				CLANG_WARN_CONSTANT_CONVERSION = YES;
				CLANG_WARN_DIRECT_OBJC_ISA_USAGE = YES_ERROR;
				CLANG_WARN_EMPTY_BODY = YES;
				CLANG_WARN_ENUM_CONVERSION = YES;
				CLANG_WARN_INT_CONVERSION = YES;
				CLANG_WARN_OBJC_ROOT_CLASS = YES_ERROR;
				CLANG_WARN_UNREACHABLE_CODE = YES;
				CLANG_WARN__DUPLICATE_METHOD_MATCH = YES;
				"CODE_SIGN_IDENTITY[sdk=iphoneos*]" = "iPhone Developer";
				COPY_PHASE_STRIP = NO;
				DEBUG_INFORMATION_FORMAT = "dwarf-with-dsym";
				ENABLE_NS_ASSERTIONS = NO;
				ENABLE_STRICT_OBJC_MSGSEND = YES;
				GCC_C_LANGUAGE_STANDARD = gnu99;
				GCC_NO_COMMON_BLOCKS = YES;
				GCC_WARN_64_TO_32_BIT_CONVERSION = YES;
				GCC_WARN_ABOUT_RETURN_TYPE = YES_ERROR;
				GCC_WARN_UNDECLARED_SELECTOR = YES;
				GCC_WARN_UNINITIALIZED_AUTOS = YES_AGGRESSIVE;
				GCC_WARN_UNUSED_FUNCTION = YES;
				GCC_WARN_UNUSED_VARIABLE = YES;
				IPHONEOS_DEPLOYMENT_TARGET = 9.2;
				MTL_ENABLE_DEBUG_INFO = NO;
				SDKROOT = iphoneos;
				TARGETED_DEVICE_FAMILY = "1,2";
				VALIDATE_PRODUCT = YES;
			};
			name = Release;
		};
		2EFE14991CA2938E0028BB08 /* Debug */ = {
			isa = XCBuildConfiguration;
			baseConfigurationReference = BE9600CA2539F59F974AC7E2 /* Pods-GitHubSearch.debug.xcconfig */;
			buildSettings = {
				ASSETCATALOG_COMPILER_APPICON_NAME = AppIcon;
				INFOPLIST_FILE = GitHubSearch/Info.plist;
				LD_RUNPATH_SEARCH_PATHS = "$(inherited) @executable_path/Frameworks";
				PRODUCT_BUNDLE_IDENTIFIER = raimon.GitHubSearch;
				PRODUCT_NAME = "$(TARGET_NAME)";
			};
			name = Debug;
		};
		2EFE149A1CA2938E0028BB08 /* Release */ = {
			isa = XCBuildConfiguration;
			baseConfigurationReference = 5640B2B09D9E496A47AD66AA /* Pods-GitHubSearch.release.xcconfig */;
			buildSettings = {
				ASSETCATALOG_COMPILER_APPICON_NAME = AppIcon;
				INFOPLIST_FILE = GitHubSearch/Info.plist;
				LD_RUNPATH_SEARCH_PATHS = "$(inherited) @executable_path/Frameworks";
				PRODUCT_BUNDLE_IDENTIFIER = raimon.GitHubSearch;
				PRODUCT_NAME = "$(TARGET_NAME)";
			};
			name = Release;
		};
		2EFE149C1CA2938E0028BB08 /* Debug */ = {
			isa = XCBuildConfiguration;
			baseConfigurationReference = E35419F6DB30B43006491F85 /* Pods-GitHubSearchTests.debug.xcconfig */;
			buildSettings = {
				BUNDLE_LOADER = "$(TEST_HOST)";
				INFOPLIST_FILE = GitHubSearchTests/Info.plist;
				LD_RUNPATH_SEARCH_PATHS = "$(inherited) @executable_path/Frameworks @loader_path/Frameworks";
				PRODUCT_BUNDLE_IDENTIFIER = raimon.GitHubSearchTests;
				PRODUCT_NAME = "$(TARGET_NAME)";
				TEST_HOST = "$(BUILT_PRODUCTS_DIR)/GitHubSearch.app/GitHubSearch";
			};
			name = Debug;
		};
		2EFE149D1CA2938E0028BB08 /* Release */ = {
			isa = XCBuildConfiguration;
			baseConfigurationReference = AE68611EC2EC0E761A966BE2 /* Pods-GitHubSearchTests.release.xcconfig */;
			buildSettings = {
				BUNDLE_LOADER = "$(TEST_HOST)";
				INFOPLIST_FILE = GitHubSearchTests/Info.plist;
				LD_RUNPATH_SEARCH_PATHS = "$(inherited) @executable_path/Frameworks @loader_path/Frameworks";
				PRODUCT_BUNDLE_IDENTIFIER = raimon.GitHubSearchTests;
				PRODUCT_NAME = "$(TARGET_NAME)";
				TEST_HOST = "$(BUILT_PRODUCTS_DIR)/GitHubSearch.app/GitHubSearch";
			};
			name = Release;
		};
		2EFE149F1CA2938E0028BB08 /* Debug */ = {
			isa = XCBuildConfiguration;
			baseConfigurationReference = FF12FB0491A78DE4ED61880B /* Pods-GitHubSearchUITests.debug.xcconfig */;
			buildSettings = {
				INFOPLIST_FILE = GitHubSearchUITests/Info.plist;
				LD_RUNPATH_SEARCH_PATHS = "$(inherited) @executable_path/Frameworks @loader_path/Frameworks";
				PRODUCT_BUNDLE_IDENTIFIER = raimon.GitHubSearchUITests;
				PRODUCT_NAME = "$(TARGET_NAME)";
				TEST_TARGET_NAME = GitHubSearch;
				USES_XCTRUNNER = YES;
			};
			name = Debug;
		};
		2EFE14A01CA2938E0028BB08 /* Release */ = {
			isa = XCBuildConfiguration;
			baseConfigurationReference = 67F9EDA46B3E3B1A376718FD /* Pods-GitHubSearchUITests.release.xcconfig */;
			buildSettings = {
				INFOPLIST_FILE = GitHubSearchUITests/Info.plist;
				LD_RUNPATH_SEARCH_PATHS = "$(inherited) @executable_path/Frameworks @loader_path/Frameworks";
				PRODUCT_BUNDLE_IDENTIFIER = raimon.GitHubSearchUITests;
				PRODUCT_NAME = "$(TARGET_NAME)";
				TEST_TARGET_NAME = GitHubSearch;
				USES_XCTRUNNER = YES;
			};
			name = Release;
		};
/* End XCBuildConfiguration section */

/* Begin XCConfigurationList section */
		2EFE14691CA2938D0028BB08 /* Build configuration list for PBXProject "GitHubSearch" */ = {
			isa = XCConfigurationList;
			buildConfigurations = (
				2EFE14961CA2938E0028BB08 /* Debug */,
				2EFE14971CA2938E0028BB08 /* Release */,
			);
			defaultConfigurationIsVisible = 0;
			defaultConfigurationName = Release;
		};
		2EFE14981CA2938E0028BB08 /* Build configuration list for PBXNativeTarget "GitHubSearch" */ = {
			isa = XCConfigurationList;
			buildConfigurations = (
				2EFE14991CA2938E0028BB08 /* Debug */,
				2EFE149A1CA2938E0028BB08 /* Release */,
			);
			defaultConfigurationIsVisible = 0;
			defaultConfigurationName = Release;
		};
		2EFE149B1CA2938E0028BB08 /* Build configuration list for PBXNativeTarget "GitHubSearchTests" */ = {
			isa = XCConfigurationList;
			buildConfigurations = (
				2EFE149C1CA2938E0028BB08 /* Debug */,
				2EFE149D1CA2938E0028BB08 /* Release */,
			);
			defaultConfigurationIsVisible = 0;
			defaultConfigurationName = Release;
		};
		2EFE149E1CA2938E0028BB08 /* Build configuration list for PBXNativeTarget "GitHubSearchUITests" */ = {
			isa = XCConfigurationList;
			buildConfigurations = (
				2EFE149F1CA2938E0028BB08 /* Debug */,
				2EFE14A01CA2938E0028BB08 /* Release */,
			);
			defaultConfigurationIsVisible = 0;
			defaultConfigurationName = Release;
		};
/* End XCConfigurationList section */
	};
	rootObject = 2EFE14661CA2938D0028BB08 /* Project object */;
}
